
Microsoft Visual Studio Solution File, Format Version 12.00
# Visual Studio Version 17
VisualStudioVersion = 17.0.32228.444
MinimumVisualStudioVersion = 10.0.40219.1
Project("{FAE04EC0-301F-11D3-BF4B-00C04F79EFBC}") = "Stark.BL", "Stark.BL\Stark.BL.csproj", "{27DF3CA7-A5DC-49DF-B71F-1D2AA3AA7CA4}"
EndProject
Global
	GlobalSection(SolutionConfigurationPlatforms) = preSolution
		Debug|Any CPU = Debug|Any CPU
		Release|Any CPU = Release|Any CPU
	EndGlobalSection
	GlobalSection(ProjectConfigurationPlatforms) = postSolution
		{27DF3CA7-A5DC-49DF-B71F-1D2AA3AA7CA4}.Debug|Any CPU.ActiveCfg = Debug|Any CPU
		{27DF3CA7-A5DC-49DF-B71F-1D2AA3AA7CA4}.Debug|Any CPU.Build.0 = Debug|Any CPU
		{27DF3CA7-A5DC-49DF-B71F-1D2AA3AA7CA4}.Release|Any CPU.ActiveCfg = Release|Any CPU
		{27DF3CA7-A5DC-49DF-B71F-1D2AA3AA7CA4}.Release|Any CPU.Build.0 = Release|Any CPU
	EndGlobalSection
	GlobalSection(SolutionProperties) = preSolution
		HideSolutionNode = FALSE
	EndGlobalSection
	GlobalSection(ExtensibilityGlobals) = postSolution
		SolutionGuid = {AAF09705-6290-4EB6-ADEE-7435F40EB175}
	EndGlobalSection
EndGlobal
